Microsoft Visual Studio Solution File, Format Version 12.00
# Visual Studio Version 17
VisualStudioVersion = 17.5.2.0
MinimumVisualStudioVersion = 10.0.40219.1
Project("{FAE04EC0-301F-11D3-BF4B-00C04F79EFBC}") = "AuthNetExample", "AuthNetExample.csproj", "{D5A3F837-EEED-318E-8C55-19AB0B95540B}"
EndProject
Global
	GlobalSection(SolutionConfigurationPlatforms) = preSolution
		Debug|Any CPU = Debug|Any CPU
		Release|Any CPU = Release|Any CPU
	EndGlobalSection
	GlobalSection(ProjectConfigurationPlatforms) = postSolution
		{D5A3F837-EEED-318E-8C55-19AB0B95540B}.Debug|Any CPU.ActiveCfg = Debug|Any CPU
		{D5A3F837-EEED-318E-8C55-19AB0B95540B}.Debug|Any CPU.Build.0 = Debug|Any CPU
		{D5A3F837-EEED-318E-8C55-19AB0B95540B}.Release|Any CPU.ActiveCfg = Release|Any CPU
		{D5A3F837-EEED-318E-8C55-19AB0B95540B}.Release|Any CPU.Build.0 = Release|Any CPU
	EndGlobalSection
	GlobalSection(SolutionProperties) = preSolution
		HideSolutionNode = FALSE
	EndGlobalSection
	GlobalSection(ExtensibilityGlobals) = postSolution
		SolutionGuid = {2944F839-65A4-4BCC-85DD-945ADEB8A383}
	EndGlobalSection
EndGlobal
